
Microsoft Visual Studio Solution File, Format Version 12.00
# Visual Studio Version 16
VisualStudioVersion = 16.0.30611.23
MinimumVisualStudioVersion = 10.0.40219.1
Project("{FAE04EC0-301F-11D3-BF4B-00C04F79EFBC}") = "CareerBlazer.Server", "CareerBlazer\CareerBlazer.Server\CareerBlazer.Server.csproj", "{66DE7D86-33C1-4B59-BBBB-7D9E1E42A78B}"
EndProject
Project("{FAE04EC0-301F-11D3-BF4B-00C04F79EFBC}") = "CareerBlazer.Client", "CareerBlazer\CareerBlazer.Client\CareerBlazer.Client.csproj", "{1ACA10C0-C243-4305-9C8E-536D662E9CA3}"
EndProject
Project("{FAE04EC0-301F-11D3-BF4B-00C04F79EFBC}") = "CareerBlazer.Shared", "CareerBlazer\CareerBlazer.Shared\CareerBlazer.Shared.csproj", "{10186829-C947-4107-A525-68F724C8EB84}"
EndProject
Global
	GlobalSection(SolutionConfigurationPlatforms) = preSolution
		Debug|Any CPU = Debug|Any CPU
		Release|Any CPU = Release|Any CPU
	EndGlobalSection
	GlobalSection(ProjectConfigurationPlatforms) = postSolution
		{66DE7D86-33C1-4B59-BBBB-7D9E1E42A78B}.Debug|Any CPU.ActiveCfg = Debug|Any CPU
		{66DE7D86-33C1-4B59-BBBB-7D9E1E42A78B}.Debug|Any CPU.Build.0 = Debug|Any CPU
		{66DE7D86-33C1-4B59-BBBB-7D9E1E42A78B}.Release|Any CPU.ActiveCfg = Release|Any CPU
		{66DE7D86-33C1-4B59-BBBB-7D9E1E42A78B}.Release|Any CPU.Build.0 = Release|Any CPU
		{1ACA10C0-C243-4305-9C8E-536D662E9CA3}.Debug|Any CPU.ActiveCfg = Debug|Any CPU
		{1ACA10C0-C243-4305-9C8E-536D662E9CA3}.Debug|Any CPU.Build.0 = Debug|Any CPU
		{1ACA10C0-C243-4305-9C8E-536D662E9CA3}.Release|Any CPU.ActiveCfg = Release|Any CPU
		{1ACA10C0-C243-4305-9C8E-536D662E9CA3}.Release|Any CPU.Build.0 = Release|Any CPU
		{10186829-C947-4107-A525-68F724C8EB84}.Debug|Any CPU.ActiveCfg = Debug|Any CPU
		{10186829-C947-4107-A525-68F724C8EB84}.Debug|Any CPU.Build.0 = Debug|Any CPU
		{10186829-C947-4107-A525-68F724C8EB84}.Release|Any CPU.ActiveCfg = Release|Any CPU
		{10186829-C947-4107-A525-68F724C8EB84}.Release|Any CPU.Build.0 = Release|Any CPU
	EndGlobalSection
	GlobalSection(SolutionProperties) = preSolution
		HideSolutionNode = FALSE
	EndGlobalSection
	GlobalSection(ExtensibilityGlobals) = postSolution
		SolutionGuid = {C7D39154-E869-4D90-AFC2-2383B8C0857D}
	EndGlobalSection
EndGlobal
